
Microsoft Visual Studio Solution File, Format Version 12.00
# Visual Studio 14
VisualStudioVersion = 14.0.24720.0
MinimumVisualStudioVersion = 10.0.40219.1
Project("{CC5FD16D-436D-48AD-A40C-5A424C6E3E79}") = "MultiTierApp", "MultiTierApp.ccproj", "{60D46385-87FD-4B07-B141-59B9F45A7C6F}"
EndProject
Project("{FAE04EC0-301F-11D3-BF4B-00C04F79EFBC}") = "FrontEndWebRole", "FrontEndWebRole\FrontEndWebRole.csproj", "{4B81E4D0-FEF8-4C87-BCA9-D68994897A12}"
EndProject
Project("{FAE04EC0-301F-11D3-BF4B-00C04F79EFBC}") = "OrderProcessingRole", "OrderProcessingRole\OrderProcessingRole.csproj", "{2C0262A9-5247-42E7-BA70-24D2BB4A5384}"
EndProject
Global
	GlobalSection(SolutionConfigurationPlatforms) = preSolution
		Debug|Any CPU = Debug|Any CPU
		Release|Any CPU = Release|Any CPU
	EndGlobalSection
	GlobalSection(ProjectConfigurationPlatforms) = postSolution
		{60D46385-87FD-4B07-B141-59B9F45A7C6F}.Debug|Any CPU.ActiveCfg = Debug|Any CPU
		{60D46385-87FD-4B07-B141-59B9F45A7C6F}.Debug|Any CPU.Build.0 = Debug|Any CPU
		{60D46385-87FD-4B07-B141-59B9F45A7C6F}.Release|Any CPU.ActiveCfg = Release|Any CPU
		{60D46385-87FD-4B07-B141-59B9F45A7C6F}.Release|Any CPU.Build.0 = Release|Any CPU
		{4B81E4D0-FEF8-4C87-BCA9-D68994897A12}.Debug|Any CPU.ActiveCfg = Debug|Any CPU
		{4B81E4D0-FEF8-4C87-BCA9-D68994897A12}.Debug|Any CPU.Build.0 = Debug|Any CPU
		{4B81E4D0-FEF8-4C87-BCA9-D68994897A12}.Release|Any CPU.ActiveCfg = Release|Any CPU
		{4B81E4D0-FEF8-4C87-BCA9-D68994897A12}.Release|Any CPU.Build.0 = Release|Any CPU
		{2C0262A9-5247-42E7-BA70-24D2BB4A5384}.Debug|Any CPU.ActiveCfg = Debug|Any CPU
		{2C0262A9-5247-42E7-BA70-24D2BB4A5384}.Debug|Any CPU.Build.0 = Debug|Any CPU
		{2C0262A9-5247-42E7-BA70-24D2BB4A5384}.Release|Any CPU.ActiveCfg = Release|Any CPU
		{2C0262A9-5247-42E7-BA70-24D2BB4A5384}.Release|Any CPU.Build.0 = Release|Any CPU
	EndGlobalSection
	GlobalSection(SolutionProperties) = preSolution
		HideSolutionNode = FALSE
	EndGlobalSection
EndGlobal
